
Microsoft Visual Studio Solution File, Format Version 12.00
# Visual Studio Version 17
VisualStudioVersion = 17.2.32314.265
MinimumVisualStudioVersion = 10.0.40219.1
Project("{9A19103F-16F7-4668-BE54-9A1E7A4F7556}") = "LearmML1", "LearmML1\LearmML1.csproj", "{1FB255FF-E43A-46DF-A5FA-EBEC4CE2A019}"
EndProject
Project("{9A19103F-16F7-4668-BE54-9A1E7A4F7556}") = "MLModel1_ConsoleApp1", "MLModel1_ConsoleApp1\MLModel1_ConsoleApp1.csproj", "{8D435D45-BAFC-4874-89B6-38B7FDC84C8C}"
EndProject
Project("{9A19103F-16F7-4668-BE54-9A1E7A4F7556}") = "MLModel1_WebApi1", "MLModel1_WebApi1\MLModel1_WebApi1.csproj", "{1071F4CB-11A5-445F-A158-969A7ECA035B}"
EndProject
Project("{9A19103F-16F7-4668-BE54-9A1E7A4F7556}") = "DocumentClassification", "DocumentClassification\DocumentClassification.csproj", "{57EA5A14-0295-43F4-B44E-B7C2BAFCCEC5}"
EndProject
Project("{9A19103F-16F7-4668-BE54-9A1E7A4F7556}") = "DocumentClassification2", "DocumentClassification2\DocumentClassification2.csproj", "{041577A9-7116-472E-B5E8-4ACA66919E6D}"
EndProject
Global
	GlobalSection(SolutionConfigurationPlatforms) = preSolution
		Debug|Any CPU = Debug|Any CPU
		Release|Any CPU = Release|Any CPU
	EndGlobalSection
	GlobalSection(ProjectConfigurationPlatforms) = postSolution
		{1FB255FF-E43A-46DF-A5FA-EBEC4CE2A019}.Debug|Any CPU.ActiveCfg = Debug|Any CPU
		{1FB255FF-E43A-46DF-A5FA-EBEC4CE2A019}.Debug|Any CPU.Build.0 = Debug|Any CPU
		{1FB255FF-E43A-46DF-A5FA-EBEC4CE2A019}.Release|Any CPU.ActiveCfg = Release|Any CPU
		{1FB255FF-E43A-46DF-A5FA-EBEC4CE2A019}.Release|Any CPU.Build.0 = Release|Any CPU
		{8D435D45-BAFC-4874-89B6-38B7FDC84C8C}.Debug|Any CPU.ActiveCfg = Debug|Any CPU
		{8D435D45-BAFC-4874-89B6-38B7FDC84C8C}.Debug|Any CPU.Build.0 = Debug|Any CPU
		{8D435D45-BAFC-4874-89B6-38B7FDC84C8C}.Release|Any CPU.ActiveCfg = Release|Any CPU
		{8D435D45-BAFC-4874-89B6-38B7FDC84C8C}.Release|Any CPU.Build.0 = Release|Any CPU
		{1071F4CB-11A5-445F-A158-969A7ECA035B}.Debug|Any CPU.ActiveCfg = Debug|Any CPU
		{1071F4CB-11A5-445F-A158-969A7ECA035B}.Debug|Any CPU.Build.0 = Debug|Any CPU
		{1071F4CB-11A5-445F-A158-969A7ECA035B}.Release|Any CPU.ActiveCfg = Release|Any CPU
		{1071F4CB-11A5-445F-A158-969A7ECA035B}.Release|Any CPU.Build.0 = Release|Any CPU
		{57EA5A14-0295-43F4-B44E-B7C2BAFCCEC5}.Debug|Any CPU.ActiveCfg = Debug|Any CPU
		{57EA5A14-0295-43F4-B44E-B7C2BAFCCEC5}.Debug|Any CPU.Build.0 = Debug|Any CPU
		{57EA5A14-0295-43F4-B44E-B7C2BAFCCEC5}.Release|Any CPU.ActiveCfg = Release|Any CPU
		{57EA5A14-0295-43F4-B44E-B7C2BAFCCEC5}.Release|Any CPU.Build.0 = Release|Any CPU
		{041577A9-7116-472E-B5E8-4ACA66919E6D}.Debug|Any CPU.ActiveCfg = Debug|Any CPU
		{041577A9-7116-472E-B5E8-4ACA66919E6D}.Debug|Any CPU.Build.0 = Debug|Any CPU
		{041577A9-7116-472E-B5E8-4ACA66919E6D}.Release|Any CPU.ActiveCfg = Release|Any CPU
		{041577A9-7116-472E-B5E8-4ACA66919E6D}.Release|Any CPU.Build.0 = Release|Any CPU
	EndGlobalSection
	GlobalSection(SolutionProperties) = preSolution
		HideSolutionNode = FALSE
	EndGlobalSection
	GlobalSection(ExtensibilityGlobals) = postSolution
		SolutionGuid = {C08EA696-05F5-46D2-B7EA-83E190F6EA1D}
	EndGlobalSection
EndGlobal
